
Microsoft Visual Studio Solution File, Format Version 12.00
# Visual Studio Version 17
VisualStudioVersion = 17.0.31710.8
MinimumVisualStudioVersion = 10.0.40219.1
Project("{9A19103F-16F7-4668-BE54-9A1E7A4F7556}") = "STD", "STD\STD.csproj", "{C687E79A-EF46-4CB6-B591-754E2D25B9A6}"
EndProject
Global
	GlobalSection(SolutionConfigurationPlatforms) = preSolution
		Debug|Any CPU = Debug|Any CPU
		Release|Any CPU = Release|Any CPU
	EndGlobalSection
	GlobalSection(ProjectConfigurationPlatforms) = postSolution
		{C687E79A-EF46-4CB6-B591-754E2D25B9A6}.Debug|Any CPU.ActiveCfg = Debug|Any CPU
		{C687E79A-EF46-4CB6-B591-754E2D25B9A6}.Debug|Any CPU.Build.0 = Debug|Any CPU
		{C687E79A-EF46-4CB6-B591-754E2D25B9A6}.Release|Any CPU.ActiveCfg = Release|Any CPU
		{C687E79A-EF46-4CB6-B591-754E2D25B9A6}.Release|Any CPU.Build.0 = Release|Any CPU
	EndGlobalSection
	GlobalSection(SolutionProperties) = preSolution
		HideSolutionNode = FALSE
	EndGlobalSection
	GlobalSection(ExtensibilityGlobals) = postSolution
		SolutionGuid = {2F4A75BC-35FF-4C32-A788-E119DB9FFD4A}
	EndGlobalSection
EndGlobal
